
Microsoft Visual Studio Solution File, Format Version 12.00
# Visual Studio Version 17
VisualStudioVersion = 17.11.35327.3
MinimumVisualStudioVersion = 10.0.40219.1
Project("{FAE04EC0-301F-11D3-BF4B-00C04F79EFBC}") = "PetShopApp", "PetShopApp.csproj", "{B0895620-CEC7-4A28-B7AD-78A23FB2E735}"
EndProject
Global
	GlobalSection(SolutionConfigurationPlatforms) = preSolution
		Debug|Any CPU = Debug|Any CPU
		Release|Any CPU = Release|Any CPU
	EndGlobalSection
	GlobalSection(ProjectConfigurationPlatforms) = postSolution
		{B0895620-CEC7-4A28-B7AD-78A23FB2E735}.Debug|Any CPU.ActiveCfg = Debug|Any CPU
		{B0895620-CEC7-4A28-B7AD-78A23FB2E735}.Debug|Any CPU.Build.0 = Debug|Any CPU
		{B0895620-CEC7-4A28-B7AD-78A23FB2E735}.Release|Any CPU.ActiveCfg = Release|Any CPU
		{B0895620-CEC7-4A28-B7AD-78A23FB2E735}.Release|Any CPU.Build.0 = Release|Any CPU
	EndGlobalSection
	GlobalSection(SolutionProperties) = preSolution
		HideSolutionNode = FALSE
	EndGlobalSection
	GlobalSection(ExtensibilityGlobals) = postSolution
		SolutionGuid = {8604CFC3-954E-44CD-AA15-7091999EA1D9}
	EndGlobalSection
EndGlobal
